
Microsoft Visual Studio Solution File, Format Version 11.00
# Visual Studio 2010
Project("{FAE04EC0-301F-11D3-BF4B-00C04F79EFBC}") = "Framework", "Framework\Framework.csproj", "{3F167F06-8D75-4111-882C-7239EA91F13B}"
EndProject
Project("{FAE04EC0-301F-11D3-BF4B-00C04F79EFBC}") = "ParticleEditor", "ParticleEditor\ParticleEditor.csproj", "{E0276CF6-F817-42E9-A071-7EDB4519C415}"
EndProject
Project("{FAE04EC0-301F-11D3-BF4B-00C04F79EFBC}") = "EditorCommon", "EditorCommon\EditorCommon.csproj", "{F685A568-3FF2-4B0A-8979-F96E9D0F2DBA}"
EndProject
Project("{FAE04EC0-301F-11D3-BF4B-00C04F79EFBC}") = "ParticleEditorWindow", "ParticleEditorWindow\ParticleEditorWindow.csproj", "{4DF317F2-50C4-44F1-A481-EE98E0A4A6EF}"
EndProject
Global
	GlobalSection(SolutionConfigurationPlatforms) = preSolution
		Debug|Any CPU = Debug|Any CPU
		Release|Any CPU = Release|Any CPU
	EndGlobalSection
	GlobalSection(ProjectConfigurationPlatforms) = postSolution
		{3F167F06-8D75-4111-882C-7239EA91F13B}.Debug|Any CPU.ActiveCfg = Debug|Any CPU
		{3F167F06-8D75-4111-882C-7239EA91F13B}.Debug|Any CPU.Build.0 = Debug|Any CPU
		{3F167F06-8D75-4111-882C-7239EA91F13B}.Release|Any CPU.ActiveCfg = Release|Any CPU
		{3F167F06-8D75-4111-882C-7239EA91F13B}.Release|Any CPU.Build.0 = Release|Any CPU
		{4DF317F2-50C4-44F1-A481-EE98E0A4A6EF}.Debug|Any CPU.ActiveCfg = Debug|Any CPU
		{4DF317F2-50C4-44F1-A481-EE98E0A4A6EF}.Debug|Any CPU.Build.0 = Debug|Any CPU
		{4DF317F2-50C4-44F1-A481-EE98E0A4A6EF}.Release|Any CPU.ActiveCfg = Release|Any CPU
		{4DF317F2-50C4-44F1-A481-EE98E0A4A6EF}.Release|Any CPU.Build.0 = Release|Any CPU
		{E0276CF6-F817-42E9-A071-7EDB4519C415}.Debug|Any CPU.ActiveCfg = Debug|Any CPU
		{E0276CF6-F817-42E9-A071-7EDB4519C415}.Debug|Any CPU.Build.0 = Debug|Any CPU
		{E0276CF6-F817-42E9-A071-7EDB4519C415}.Release|Any CPU.ActiveCfg = Release|Any CPU
		{E0276CF6-F817-42E9-A071-7EDB4519C415}.Release|Any CPU.Build.0 = Release|Any CPU
		{F685A568-3FF2-4B0A-8979-F96E9D0F2DBA}.Debug|Any CPU.ActiveCfg = Debug|Any CPU
		{F685A568-3FF2-4B0A-8979-F96E9D0F2DBA}.Debug|Any CPU.Build.0 = Debug|Any CPU
		{F685A568-3FF2-4B0A-8979-F96E9D0F2DBA}.Release|Any CPU.ActiveCfg = Release|Any CPU
		{F685A568-3FF2-4B0A-8979-F96E9D0F2DBA}.Release|Any CPU.Build.0 = Release|Any CPU
	EndGlobalSection
	GlobalSection(MonoDevelopProperties) = preSolution
		StartupItem = ParticleEditor\ParticleEditor.csproj
		Policies = $0
		$0.TextStylePolicy = $1
		$1.TabsToSpaces = False
		$1.inheritsSet = VisualStudio
		$1.inheritsScope = text/plain
		$1.scope = text/plain
		$0.CSharpFormattingPolicy = $2
		$2.IndentSwitchBody = True
		$2.AnonymousMethodBraceStyle = NextLine
		$2.PropertyBraceStyle = NextLine
		$2.PropertyGetBraceStyle = NextLine
		$2.PropertySetBraceStyle = NextLine
		$2.EventBraceStyle = NextLine
		$2.EventAddBraceStyle = NextLine
		$2.EventRemoveBraceStyle = NextLine
		$2.StatementBraceStyle = NextLine
		$2.ElseNewLinePlacement = NewLine
		$2.CatchNewLinePlacement = NewLine
		$2.FinallyNewLinePlacement = NewLine
		$2.EmbeddedStatementPlacement = DoNotCare
		$2.BeforeMethodDeclarationParentheses = False
		$2.BeforeMethodCallParentheses = False
		$2.BeforeConstructorDeclarationParentheses = False
		$2.BeforeIndexerDeclarationBracket = False
		$2.BeforeDelegateDeclarationParentheses = False
		$2.AfterDelegateDeclarationParameterComma = True
		$2.NewParentheses = False
		$2.SpacesBeforeBrackets = False
		$2.inheritsSet = Mono
		$2.inheritsScope = text/x-csharp
		$2.scope = text/x-csharp
		$0.TextStylePolicy = $3
		$3.TabsToSpaces = False
		$3.inheritsSet = VisualStudio
		$3.inheritsScope = text/plain
		$3.scope = text/x-csharp
		$0.NameConventionPolicy = $4
		$4.Rules = $5
		$5.NamingRule = $6
		$6.Name = Namespaces
		$6.AffectedEntity = Namespace
		$6.VisibilityMask = VisibilityMask
		$6.NamingStyle = PascalCase
		$6.IncludeInstanceMembers = True
		$6.IncludeStaticEntities = True
		$5.NamingRule = $7
		$7.Name = Types
		$7.AffectedEntity = Class, Struct, Enum, Delegate
		$7.VisibilityMask = VisibilityMask
		$7.NamingStyle = PascalCase
		$7.IncludeInstanceMembers = True
		$7.IncludeStaticEntities = True
		$5.NamingRule = $8
		$8.Name = Interfaces
		$8.RequiredPrefixes = $9
		$9.String = I
		$8.AffectedEntity = Interface
		$8.VisibilityMask = VisibilityMask
		$8.NamingStyle = PascalCase
		$8.IncludeInstanceMembers = True
		$8.IncludeStaticEntities = True
		$5.NamingRule = $10
		$10.Name = Attributes
		$10.RequiredSuffixes = $11
		$11.String = Attribute
		$10.AffectedEntity = CustomAttributes
		$10.VisibilityMask = VisibilityMask
		$10.NamingStyle = PascalCase
		$10.IncludeInstanceMembers = True
		$10.IncludeStaticEntities = True
		$5.NamingRule = $12
		$12.Name = Event Arguments
		$12.RequiredSuffixes = $13
		$13.String = EventArgs
		$12.AffectedEntity = CustomEventArgs
		$12.VisibilityMask = VisibilityMask
		$12.NamingStyle = PascalCase
		$12.IncludeInstanceMembers = True
		$12.IncludeStaticEntities = True
		$5.NamingRule = $14
		$14.Name = Exceptions
		$14.RequiredSuffixes = $15
		$15.String = Exception
		$14.AffectedEntity = CustomExceptions
		$14.VisibilityMask = VisibilityMask
		$14.NamingStyle = PascalCase
		$14.IncludeInstanceMembers = True
		$14.IncludeStaticEntities = True
		$5.NamingRule = $16
		$16.Name = Methods
		$16.AffectedEntity = Methods
		$16.VisibilityMask = VisibilityMask
		$16.NamingStyle = PascalCase
		$16.IncludeInstanceMembers = True
		$16.IncludeStaticEntities = True
		$5.NamingRule = $17
		$17.Name = Static Readonly Fields
		$17.AffectedEntity = ReadonlyField
		$17.VisibilityMask = Internal, Protected, Public
		$17.NamingStyle = PascalCase
		$17.IncludeInstanceMembers = False
		$17.IncludeStaticEntities = True
		$5.NamingRule = $18
		$18.Name = Fields (Non Private)
		$18.AffectedEntity = Field
		$18.VisibilityMask = Internal, Protected, Public
		$18.NamingStyle = PascalCase
		$18.IncludeInstanceMembers = True
		$18.IncludeStaticEntities = True
		$5.NamingRule = $19
		$19.Name = ReadOnly Fields (Non Private)
		$19.AffectedEntity = ReadonlyField
		$19.VisibilityMask = Internal, Protected, Public
		$19.NamingStyle = PascalCase
		$19.IncludeInstanceMembers = True
		$19.IncludeStaticEntities = False
		$5.NamingRule = $20
		$20.Name = Fields (Private)
		$20.AffectedEntity = Class, Field, ReadonlyField
		$20.VisibilityMask = Private
		$20.NamingStyle = CamelCase
		$20.IncludeInstanceMembers = True
		$20.IncludeStaticEntities = False
		$5.NamingRule = $21
		$21.Name = Static Fields (Private)
		$21.AffectedEntity = Field
		$21.VisibilityMask = Private
		$21.NamingStyle = CamelCase
		$21.IncludeInstanceMembers = False
		$21.IncludeStaticEntities = True
		$5.NamingRule = $22
		$22.Name = ReadOnly Fields (Private)
		$22.AffectedEntity = ReadonlyField
		$22.VisibilityMask = Private
		$22.NamingStyle = CamelCase
		$22.IncludeInstanceMembers = True
		$22.IncludeStaticEntities = False
		$5.NamingRule = $23
		$23.Name = Constant Fields
		$23.AffectedEntity = ConstantField
		$23.VisibilityMask = VisibilityMask
		$23.NamingStyle = PascalCase
		$23.IncludeInstanceMembers = True
		$23.IncludeStaticEntities = True
		$5.NamingRule = $24
		$24.Name = Properties
		$24.AffectedEntity = Property
		$24.VisibilityMask = VisibilityMask
		$24.NamingStyle = PascalCase
		$24.IncludeInstanceMembers = True
		$24.IncludeStaticEntities = True
		$5.NamingRule = $25
		$25.Name = Events
		$25.AffectedEntity = Event
		$25.VisibilityMask = VisibilityMask
		$25.NamingStyle = PascalCase
		$25.IncludeInstanceMembers = True
		$25.IncludeStaticEntities = True
		$5.NamingRule = $26
		$26.Name = Enum Members
		$26.AffectedEntity = EnumMember
		$26.VisibilityMask = VisibilityMask
		$26.NamingStyle = PascalCase
		$26.IncludeInstanceMembers = True
		$26.IncludeStaticEntities = True
		$5.NamingRule = $27
		$27.Name = Parameters
		$27.AffectedEntity = Parameter
		$27.VisibilityMask = VisibilityMask
		$27.NamingStyle = CamelCase
		$27.IncludeInstanceMembers = True
		$27.IncludeStaticEntities = True
		$5.NamingRule = $28
		$28.Name = Type Parameters
		$28.RequiredPrefixes = $29
		$29.String = T
		$28.AffectedEntity = TypeParameter
		$28.VisibilityMask = VisibilityMask
		$28.NamingStyle = PascalCase
		$28.IncludeInstanceMembers = True
		$28.IncludeStaticEntities = True
		$0.DotNetNamingPolicy = $30
		$30.DirectoryNamespaceAssociation = None
		$30.ResourceNamePolicy = FileFormatDefault
		$0.StandardHeader = $31
		$31.Text = 
		$31.IncludeInNewFiles = True
	EndGlobalSection
	GlobalSection(SolutionProperties) = preSolution
		HideSolutionNode = FALSE
	EndGlobalSection
EndGlobal
